github.com/BurntSushi/toml v0.3.1/go.mod h1:xHWCNGjB5oqiDr8zfno3MHue2Ht5sIBksp03qcyfWMU=
github.com/Linutronix/golang-openssl v0.0.0-20200515123529-9ba73c929a0a h1:fhuvKA1wCXvMqHjFt70rkTprSRTAs04NNq9iwqdTRzs=
github.com/Linutronix/golang-openssl v0.0.0-20200515123529-9ba73c929a0a/go.mod h1:IgvBQlxur9h2wP9Gt93OtrKP1WRCC3OwCH/sQG16FvQ=
github.com/bmatsuo/lmdb-go v1.6.1-0.20160816100615-69ad631904c9 h1:MhFw8nXQ3tIrAImv8wfHoAX+OB4BYt+4FSbkY4Krdo4=
github.com/bmatsuo/lmdb-go v1.6.1-0.20160816100615-69ad631904c9/go.mod h1:wWPZmKdOAZsl4qOqkowQ1aCrFie1HU8gWloHMCeAUdM=
github.com/cpuguy83/go-md2man/v2 v2.0.0-20190314233015-f79a8a8ca69d/go.mod h1:maD7wRr/U5Z6m/iR4s+kqSMx2CaBsrgA7czyZG/E6dU=
github.com/davecgh/go-spew v0.0.0-20151105211317-5215b55f46b2/go.mod h1:J7Y8YcW2NihsgmVo/mv3lAwl/skON4iLHjSsI+c5H38=
github.com/davecgh/go-spew v1.1.0/go.mod h1:J7Y8YcW2NihsgmVo/mv3lAwl/skON4iLHjSsI+c5H38=
github.com/davecgh/go-spew v1.1.1/go.mod h1:J7Y8YcW2NihsgmVo/mv3lAwl/skON4iLHjSsI+c5H38=
github.com/davecgh/go-spew v1.1.2-0.20180830191138-d8f796af33cc h1:U9qPSI2PIWSS1VwoXQT9A3Wy9MM3WgvqSxFWenqJduM=
github.com/davecgh/go-spew v1.1.2-0.20180830191138-d8f796af33cc/go.mod h1:J7Y8YcW2NihsgmVo/mv3lAwl/skON4iLHjSsI+c5H38=
github.com/fsnotify/fsnotify v1.4.9 h1:hsms1Qyu0jgnwNXIxa+/V/PDsU6CfLf6CNO8H7IWoS4=
github.com/fsnotify/fsnotify v1.4.9/go.mod h1:znqG4EE+3YCdAaPaxE2ZRY/06pZUdp0tY4IgpuI1SZQ=
github.com/konsorten/go-windows-terminal-sequences v1.0.1 h1:mweAR1A6xJ3oS2pRaGiHgQ4OO8tzTaLawm8vnODuwDk=
github.com/konsorten/go-windows-terminal-sequences v1.0.1/go.mod h1:T0+1ngSBFLxvqU3pZ+m/2kptfBszLMUkC4ZK/EgS/cQ=
github.com/mendersoftware/cli/v2 v2.1.1-minimal h1:NWX83kF8Eobfb3oBWeUmw9Ef2H9ZqFPZGWRXCimtXwg=
github.com/mendersoftware/cli/v2 v2.1.1-minimal/go.mod h1:SE9GqnLQmjVa0iPEY0f1w3ygNIYcIJ0OKPMoW2caLfQ=
github.com/mendersoftware/mender-artifact v0.0.0-20200327144921-a6d237202052 h1:TlYMC9FTIQclN6KF0aj+UnHQPTgtikYwOXTbF3G29rg=
github.com/mendersoftware/mender-artifact v0.0.0-20200327144921-a6d237202052/go.mod h1:Lv+nerv0tyT8T10ecir9QxBKXJJ3ghCL5WCWuLS6kJ8=
github.com/mendersoftware/mendertesting v0.0.0-20190301095837-dedd2c0a90a4/go.mod h1:x9ztgFm1CE99mlgpaUH6CZWIrvHutwLMqybWoUdzC+U=
github.com/mendersoftware/mendertesting v0.0.0-20200508051949-7d791ecb530c h1:sLa+BrBNNoZJk6U57nIoeZ8pA3DNTUQHBKhPtdwpNg4=
github.com/mendersoftware/mendertesting v0.0.0-20200508051949-7d791ecb530c/go.mod h1:WZyiX1zeljfyFaTjmbR84+wHjzmPDLDvOdRHZnnLM/0=
github.com/pkg/errors v0.0.0-20160916110212-a887431f7f6e/go.mod h1:bwawxfHBFNV+L2hUp1rHADufV3IMtnDRdf1r5NINEl0=
github.com/pkg/errors v0.7.2-0.20160916110212-a887431f7f6e h1:X0D2BP2MR4Z7k6pAv4RRKm7/QiWHyQ65lemqHxZhTus=
github.com/pkg/errors v0.7.2-0.20160916110212-a887431f7f6e/go.mod h1:bwawxfHBFNV+L2hUp1rHADufV3IMtnDRdf1r5NINEl0=
github.com/pmezard/go-difflib v1.0.0 h1:4DBwDE0NGyQoBHbLQYPwSUPoCMWR5BEzIk/f1lZbAQM=
github.com/pmezard/go-difflib v1.0.0/go.mod h1:iKH77koFhYxTK1pcRnkKkqfTogsbg7gZNVY4sRDYZ/4=
github.com/remyoudompheng/go-liblzma v0.0.0-20190301141425-da7c45f32144/go.mod h1:90HvCY7+oHHUKkbeMCiHt1WuFR2/hPJ9QrljDG+v6ls=
github.com/remyoudompheng/go-liblzma v0.0.0-20190506200333-81bf2d431b96 h1:J8J/cgLDRuqXJnwIrRDBvtl+LLsdg7De74znW/BRRq4=
github.com/remyoudompheng/go-liblzma v0.0.0-20190506200333-81bf2d431b96/go.mod h1:90HvCY7+oHHUKkbeMCiHt1WuFR2/hPJ9QrljDG+v6ls=
github.com/russross/blackfriday/v2 v2.0.1/go.mod h1:+Rmxgy9KzJVeS9/2gXHxylqXiyQDYRxCVz55jmeOWTM=
github.com/shurcooL/sanitized_anchor_name v1.0.0/go.mod h1:1NzhyTcUVG4SuEtjjoZeVRXNmyL/1OwPU0+IJeTBvfc=
github.com/sirupsen/logrus v0.0.0-20180315010703-90150a8ed11b/go.mod h1:pMByvHTf9Beacp5x1UXfOR9xyW/9antXMhjMPG0dEzc=
github.com/sirupsen/logrus v1.4.3-0.20200306102446-7ea96a3284ed h1:jSvHUjNf0+P98jm6UQWPo4U7a3GnPH7OA3KwiVp8A+A=
github.com/sirupsen/logrus v1.4.3-0.20200306102446-7ea96a3284ed/go.mod h1:+F7Ogzej0PZc/94MaYx/nvG9jOFMD2osvC3s+Squfpo=
github.com/stretchr/objx v0.1.0 h1:4G4v2dO3VZwixGIRoQ5Lfboy6nUhCyYzaqnIAPPhYs4=
github.com/stretchr/objx v0.1.0/go.mod h1:HFkY916IF+rwdDfMAkV7OtwuqBVzrE8GR6GFx+wExME=
github.com/stretchr/testify v0.0.0-20160615092844-d77da356e56a/go.mod h1:a8OnRcib4nhh0OaRAV+Yts87kKdq0PP7pXfy6kDkUVs=
github.com/stretchr/testify v1.2.2/go.mod h1:a8OnRcib4nhh0OaRAV+Yts87kKdq0PP7pXfy6kDkUVs=
github.com/stretchr/testify v1.5.1 h1:nOGnQDM7FYENwehXlg/kFVnos3rEvtKTjRvOWSzb6H4=
github.com/stretchr/testify v1.5.1/go.mod h1:5W2xD1RspED5o8YsWQXVCued0rvSQ+mT+I5cxcmMvtA=
github.com/ungerik/go-sysfs v0.0.0-20190613143942-7f098ddb67a6 h1:2SY3Pt3iDT6V26MJug7jMwTMPVvN22i8GclgC7rKB3E=
github.com/ungerik/go-sysfs v0.0.0-20190613143942-7f098ddb67a6/go.mod h1:uNntZOmY9FPCii3WLtdFVh1QQ1qKoB4lpnwVyX3LMjQ=
github.com/urfave/cli v0.0.0-20181029213200-b67dcf995b6a h1:qzVPM2q9ifOxaIVx4kyJvCHXsMNDTLgzu/29aqIuyB8=
github.com/urfave/cli v0.0.0-20181029213200-b67dcf995b6a/go.mod h1:70zkFmudgCuE/ngEzBv17Jvp/497gISqfk5gWijbERA=
golang.org/x/crypto v0.0.0-20190308221718-c2843e01d9a2/go.mod h1:djNgcEr1/C05ACkg1iLfiJU5Ep61QUkGW8qpdssI0+w=
golang.org/x/crypto v0.0.0-20190923035154-9ee001bba392 h1:ACG4HJsFiNMf47Y4PeRoebLNy/2lXT9EtprMuTFWt1M=
golang.org/x/crypto v0.0.0-20190923035154-9ee001bba392/go.mod h1:/lpIB1dKB+9EgE3H3cr1v9wB50oz8l4C4h62xy7jSTY=
golang.org/x/net v0.0.0-20190404232315-eb5bcb51f2a3/go.mod h1:t9HGtf8HONx5eT2rtn7q6eTqICYqUVnKs3thJo3Qplg=
golang.org/x/net v0.0.0-20190724013045-ca1201d0de80 h1:Ao/3l156eZf2AW5wK8a7/smtodRU+gha3+BeqJ69lRk=
golang.org/x/net v0.0.0-20190724013045-ca1201d0de80/go.mod h1:z5CRVTTTmAJ677TzLLGU+0bjPO0LkuOLi4/5GtJWs/s=
golang.org/x/sys v0.0.0-20190215142949-d0b11bdaac8a/go.mod h1:STP8DvDyc/dI5b8T5hshtkjS+E42TnysNCUPdjciGhY=
golang.org/x/sys v0.0.0-20190422165155-953cdadca894/go.mod h1:h1NjWce9XRLGQEsW7wpKNCjG9DtNlClVuFLEZdDNbEs=
golang.org/x/sys v0.0.0-20190922100055-0a153f010e69/go.mod h1:h1NjWce9XRLGQEsW7wpKNCjG9DtNlClVuFLEZdDNbEs=
golang.org/x/sys v0.0.0-20190924154521-2837fb4f24fe h1:6fAMxZRR6sl1Uq8U61gxU+kPTs2tR8uOySCbBP7BN/M=
golang.org/x/sys v0.0.0-20190924154521-2837fb4f24fe/go.mod h1:h1NjWce9XRLGQEsW7wpKNCjG9DtNlClVuFLEZdDNbEs=
golang.org/x/sys v0.0.0-20191005200804-aed5e4c7ecf9 h1:L2auWcuQIvxz9xSEqzESnV/QN/gNRXNApHi3fYwl2w0=
golang.org/x/sys v0.0.0-20191005200804-aed5e4c7ecf9/go.mod h1:h1NjWce9XRLGQEsW7wpKNCjG9DtNlClVuFLEZdDNbEs=
golang.org/x/text v0.3.0/go.mod h1:NqM8EUOU14njkJ3fqMW+pc6Ldnwhi/IjpwHt7yyuwOQ=
golang.org/x/text v0.3.2 h1:tW2bmiBqwgJj/UpqtC8EpXEZVYOwU0yG4iWbprSVAcs=
golang.org/x/text v0.3.2/go.mod h1:bEr9sfX3Q8Zfm5fL9x+3itogRgK3+ptLWKqgva+5dAk=
golang.org/x/tools v0.0.0-20180917221912-90fa682c2a6e/go.mod h1:n7NCudcB/nEzxVGmLbDWY5pfWTLqBcC2KZ6jyYvM4mQ=
gopkg.in/check.v1 v0.0.0-20161208181325-20d25e280405 h1:yhCVgyC4o1eVCa2tZl7eS0r+SDo693bJlVdllGtEeKM=
gopkg.in/check.v1 v0.0.0-20161208181325-20d25e280405/go.mod h1:Co6ibVJAznAaIkqp8huTwlJQCZ016jof/cbN4VW5Yz0=
gopkg.in/yaml.v2 v2.2.2 h1:ZCJp+EgiOT7lHqUV2J862kp8Qj64Jo6az82+3Td9dZw=
gopkg.in/yaml.v2 v2.2.2/go.mod h1:hI93XBmqTisBFMUTm0b8Fm+jr3Dg1NNxqwp+5A1VGuI=
